{
  "name": "files",
  "version": "1.0.0",
  "lockfileVersion": 3,
  "requires": true,
  "packages": {
    "": {
      "name": "files",
      "version": "1.0.0",
      "license": "ISC",
      "dependencies": {
        "algoliasearch": "^4.25.3",
        "dotenv": "^17.2.3"
      }
    },
    "node_modules/@algolia/cache-browser-local-storage": {
      "version": "4.25.3",
      "resolved": "https://registry.npmjs.org/@algolia/cache-browser-local-storage/-/cache-browser-local-storage-4.25.3.tgz",
      "integrity": "sha512-J0vrnbIYmDIf9d9qQwBXaHn10VoQ/rA+2iBMr/idfsjHhL9I4h2pC9Dj1i0ggDLv9sPajbeVVh0BdC+mDbo7Tw==",
      "license": "MIT",
      "dependencies": {
        "@algolia/cache-common": "4.25.3"
      }
    },
    "node_modules/@algolia/cache-common": {
      "version": "4.25.3",
      "resolved": "https://registry.npmjs.org/@algolia/cache-common/-/cache-common-4.25.3.tgz",
      "integrity": "sha512-dDls2jhGFdkGnoKwXADBnjosHKdKiwlY+tzaua5J0q9XJptn6DCBDUt3pg46GhTRz+64x08M+dyp8nNoV+3/Jw==",
      "license": "MIT"
    },
    "node_modules/@algolia/cache-in-memory": {
      "version": "4.25.3",
      "resolved": "https://registry.npmjs.org/@algolia/cache-in-memory/-/cache-in-memory-4.25.3.tgz",
      "integrity": "sha512-6u/fVDr3ZIJIgtqdgUDB5kL9KcOdowmxf052bjfI1XhFTpxmIa49HcAEh1y2R0YqmmNDQHaPCT0QzwkINhWbug==",
      "license": "MIT",
      "dependencies": {
        "@algolia/cache-common": "4.25.3"
      }
    },
    "node_modules/@algolia/client-account": {
      "version": "4.25.3",
      "resolved": "https://registry.npmjs.org/@algolia/client-account/-/client-account-4.25.3.tgz",
      "integrity": "sha512-TkSVT5+davX4Dzt3gyEJ+SAfaVT5bHrZctAiup/AGPV7sNBigv4kuZv40OEbMMgu1uPJ4zw3tA39Oj/mOjd6gg==",
      "license": "MIT",
      "dependencies": {
        "@algolia/client-common": "4.25.3",
        "@algolia/client-search": "4.25.3",
        "@algolia/transporter": "4.25.3"
      }
    },
    "node_modules/@algolia/client-analytics": {
      "version": "4.25.3",
      "resolved": "https://registry.npmjs.org/@algolia/client-analytics/-/client-analytics-4.25.3.tgz",
      "integrity": "sha512-vHSU4zBaENbRjzwFYB3OQuDlKXwe+YDRgyGh1kKZhcMRDSsEBH/PGNWn+2ZmtbgrNS52TC+TJ8oUOg5wXIeISw==",
      "license": "MIT",
      "dependencies": {
        "@algolia/client-common": "4.25.3",
        "@algolia/client-search": "4.25.3",
        "@algolia/requester-common": "4.25.3",
        "@algolia/transporter": "4.25.3"
      }
    },
    "node_modules/@algolia/client-common": {
      "version": "4.25.3",
      "resolved": "https://registry.npmjs.org/@algolia/client-common/-/client-common-4.25.3.tgz",
      "integrity": "sha512-ExRdFnJDe7t1/DgJUsqjzZKeI9gkLft4oVttlyTMru8TRNWA6eZ0wHRj4uQ9N3sxmzPiw3C53wigor705n1yQw==",
      "license": "MIT",
      "dependencies": {
        "@algolia/requester-common": "4.25.3",
        "@algolia/transporter": "4.25.3"
      }
    },
    "node_modules/@algolia/client-personalization": {
      "version": "4.25.3",
      "resolved": "https://registry.npmjs.org/@algolia/client-personalization/-/client-personalization-4.25.3.tgz",
      "integrity": "sha512-ycCkQ0nWoH+sf0Gh20kk4NfJ+iUBc59ailqNCFcVl/0th1dtHF0P61IGetTsSmxVPZedDvnHop2z1ujWpYzNmw==",
      "license": "MIT",
      "dependencies": {
        "@algolia/client-common": "4.25.3",
        "@algolia/requester-common": "4.25.3",
        "@algolia/transporter": "4.25.3"
      }
    },
    "node_modules/@algolia/client-search": {
      "version": "4.25.3",
      "resolved": "https://registry.npmjs.org/@algolia/client-search/-/client-search-4.25.3.tgz",
      "integrity": "sha512-GFA99zL6cfNSDEDHfEJ0TmVYmXCJofQpForFhCShQLfRQgBYud9UBHOh4LB6ZSzmtVDIfP33joCA9hxQWPIbFw==",
      "license": "MIT",
      "dependencies": {
        "@algolia/client-common": "4.25.3",
        "@algolia/requester-common": "4.25.3",
        "@algolia/transporter": "4.25.3"
      }
    },
    "node_modules/@algolia/logger-common": {
      "version": "4.25.3",
      "resolved": "https://registry.npmjs.org/@algolia/logger-common/-/logger-common-4.25.3.tgz",
      "integrity": "sha512-RrlmuHNTc9CIgykWh37QduDAkpX4745KQ75I+vhgT5ER3BBykaYByDTyWkyFSSlZjpDHXtOymu9epNbI5V6OWQ==",
      "license": "MIT"
    },
    "node_modules/@algolia/logger-console": {
      "version": "4.25.3",
      "resolved": "https://registry.npmjs.org/@algolia/logger-console/-/logger-console-4.25.3.tgz",
      "integrity": "sha512-s8AtfF9W+6Pbxfwkmzywd8ThVJ04D4JZlNyBdCuWpC5b3jzx1JAXT9ZL8K2faUsO4rEdHpy9LXMURvF7cQAE0w==",
      "license": "MIT",
      "dependencies": {
        "@algolia/logger-common": "4.25.3"
      }
    },
    "node_modules/@algolia/recommend": {
      "version": "4.25.3",
      "resolved": "https://registry.npmjs.org/@algolia/recommend/-/recommend-4.25.3.tgz",
      "integrity": "sha512-/vpXzDFLmrkcM1UOvZae8i/z8wRs2uaKKlPaHqN24ySADWKyf2zxVsDmtcaGMYzBYqYsKR1XKFvwGA5HQxaZxQ==",
      "license": "MIT",
      "dependencies": {
        "@algolia/cache-browser-local-storage": "4.25.3",
        "@algolia/cache-common": "4.25.3",
        "@algolia/cache-in-memory": "4.25.3",
        "@algolia/client-common": "4.25.3",
        "@algolia/client-search": "4.25.3",
        "@algolia/logger-common": "4.25.3",
        "@algolia/logger-console": "4.25.3",
        "@algolia/requester-browser-xhr": "4.25.3",
        "@algolia/requester-common": "4.25.3",
        "@algolia/requester-node-http": "4.25.3",
        "@algolia/transporter": "4.25.3"
      }
    },
    "node_modules/@algolia/requester-browser-xhr": {
      "version": "4.25.3",
      "resolved": "https://registry.npmjs.org/@algolia/requester-browser-xhr/-/requester-browser-xhr-4.25.3.tgz",
      "integrity": "sha512-5ZXO55IDqXUehQKilVYU6OdUBT2XGI+JIki2UsxUkMykH4ksA9EU8YZJth1ZwEYTDC50bVSH32VCYsOFB0MUTA==",
      "license": "MIT",
      "dependencies": {
        "@algolia/requester-common": "4.25.3"
      }
    },
    "node_modules/@algolia/requester-common": {
      "version": "4.25.3",
      "resolved": "https://registry.npmjs.org/@algolia/requester-common/-/requester-common-4.25.3.tgz",
      "integrity": "sha512-n5dJA5jlIle5IQavlDWBXC46lw/VuwFbbknWJcPiJ6nJ6lRllpLOhV2ZJeUdCvRyg/6zG18h+9+Q/m2d/vLEIw==",
      "license": "MIT"
    },
    "node_modules/@algolia/requester-node-http": {
      "version": "4.25.3",
      "resolved": "https://registry.npmjs.org/@algolia/requester-node-http/-/requester-node-http-4.25.3.tgz",
      "integrity": "sha512-7BXWAyVMK1Z3gT+2RPv0I48HfaIlho3nCQaB/tjziw+DdPigHRDq+xjtdzL8y+5O1g7LEdlPI9QHAgDbW/BLXw==",
      "license": "MIT",
      "dependencies": {
        "@algolia/requester-common": "4.25.3"
      }
    },
    "node_modules/@algolia/transporter": {
      "version": "4.25.3",
      "resolved": "https://registry.npmjs.org/@algolia/transporter/-/transporter-4.25.3.tgz",
      "integrity": "sha512-2yji+TKjC1uOxhJ9pCdw7lQm6GSiQ+fMvNH4es6oz82DrBpkVHkeU49HmpyTqz8Ai9e+nW/UBz8T9+UyBul3dA==",
      "license": "MIT",
      "dependencies": {
        "@algolia/cache-common": "4.25.3",
        "@algolia/logger-common": "4.25.3",
        "@algolia/requester-common": "4.25.3"
      }
    },
    "node_modules/algoliasearch": {
      "version": "4.25.3",
      "resolved": "https://registry.npmjs.org/algoliasearch/-/algoliasearch-4.25.3.tgz",
      "integrity": "sha512-kgeIixgDiB+FbH1cHDFUtTNkxdJadHryF8lSPIHHQkEeUrzZA1Hi3PLL+EgNubO0dch4ALNb5G4rw+FDCv3Vbw==",
      "license": "MIT",
      "dependencies": {
        "@algolia/cache-browser-local-storage": "4.25.3",
        "@algolia/cache-common": "4.25.3",
        "@algolia/cache-in-memory": "4.25.3",
        "@algolia/client-account": "4.25.3",
        "@algolia/client-analytics": "4.25.3",
        "@algolia/client-common": "4.25.3",
        "@algolia/client-personalization": "4.25.3",
        "@algolia/client-search": "4.25.3",
        "@algolia/logger-common": "4.25.3",
        "@algolia/logger-console": "4.25.3",
        "@algolia/recommend": "4.25.3",
        "@algolia/requester-browser-xhr": "4.25.3",
        "@algolia/requester-common": "4.25.3",
        "@algolia/requester-node-http": "4.25.3",
        "@algolia/transporter": "4.25.3"
      }
    },
    "node_modules/dotenv": {
      "version": "17.2.3",
      "resolved": "https://registry.npmjs.org/dotenv/-/dotenv-17.2.3.tgz",
      "integrity": "sha512-JVUnt+DUIzu87TABbhPmNfVdBDt18BLOWjMUFJMSi/Qqg7NTYtabbvSNJGOJ7afbRuv9D/lngizHtP7QyLQ+9w==",
      "license": "BSD-2-Clause",
      "engines": {
        "node": ">=12"
      },
      "funding": {
        "url": "https://dotenvx.com"
      }
    }
  }
}
